
Microsoft Visual Studio Solution File, Format Version 12.00
# Visual Studio Version 16
VisualStudioVersion = 16.0.31410.357
MinimumVisualStudioVersion = 10.0.40219.1
Project("{FAE04EC0-301F-11D3-BF4B-00C04F79EFBC}") = "OOP", "OOP\OOP.csproj", "{A793DB88-B2B9-47B9-ABE8-21C6F0B7837C}"
EndProject
Global
	GlobalSection(SolutionConfigurationPlatforms) = preSolution
		Debug|Any CPU = Debug|Any CPU
		Release|Any CPU = Release|Any CPU
	EndGlobalSection
	GlobalSection(ProjectConfigurationPlatforms) = postSolution
		{A793DB88-B2B9-47B9-ABE8-21C6F0B7837C}.Debug|Any CPU.ActiveCfg = Debug|Any CPU
		{A793DB88-B2B9-47B9-ABE8-21C6F0B7837C}.Debug|Any CPU.Build.0 = Debug|Any CPU
		{A793DB88-B2B9-47B9-ABE8-21C6F0B7837C}.Release|Any CPU.ActiveCfg = Release|Any CPU
		{A793DB88-B2B9-47B9-ABE8-21C6F0B7837C}.Release|Any CPU.Build.0 = Release|Any CPU
	EndGlobalSection
	GlobalSection(SolutionProperties) = preSolution
		HideSolutionNode = FALSE
	EndGlobalSection
	GlobalSection(ExtensibilityGlobals) = postSolution
		SolutionGuid = {A64F2FC9-99C0-46F8-AEC3-9E770DFF7FFC}
	EndGlobalSection
EndGlobal
